// !$*UTF8*$!
{
	archiveVersion = 1;
	classes = {
	};
	objectVersion = 55;
	objects = {

/* Begin PBXBuildFile section */
		17201619273CC40E0094F66D /* UIView+addBorder.swift in Sources */ = {isa = PBXBuildFile; fileRef = 17201618273CC40E0094F66D /* UIView+addBorder.swift */; };
		1720161B273CC51A0094F66D /* UIBarButtonItem+hide.swift in Sources */ = {isa = PBXBuildFile; fileRef = 1720161A273CC51A0094F66D /* UIBarButtonItem+hide.swift */; };
		174F7A9E2742AFCF0008CAAF /* PhotoViewController.swift in Sources */ = {isa = PBXBuildFile; fileRef = 174F7A9D2742AFCF0008CAAF /* PhotoViewController.swift */; };
		174F7AA02742B7190008CAAF /* Photo.swift in Sources */ = {isa = PBXBuildFile; fileRef = 174F7A9F2742B7190008CAAF /* Photo.swift */; };
		174F7AA22742BF8C0008CAAF /* Photos.swift in Sources */ = {isa = PBXBuildFile; fileRef = 174F7AA12742BF8C0008CAAF /* Photos.swift */; };
		174F7AA42742C1880008CAAF /* SpotPhotoCollectionViewCell.swift in Sources */ = {isa = PBXBuildFile; fileRef = 174F7AA32742C1880008CAAF /* SpotPhotoCollectionViewCell.swift */; };
		176FEACC272F140500D329DF /* GoogleService-Info.plist in Resources */ = {isa = PBXBuildFile; fileRef = 176FEACB272F140500D329DF /* GoogleService-Info.plist */; };
		178512B42730645900EDA0F5 /* Spot.swift in Sources */ = {isa = PBXBuildFile; fileRef = 178512B32730645900EDA0F5 /* Spot.swift */; };
		178512B627306C6E00EDA0F5 /* UIViewController+alert.swift in Sources */ = {isa = PBXBuildFile; fileRef = 178512B527306C6E00EDA0F5 /* UIViewController+alert.swift */; };
		178512B827306DAE00EDA0F5 /* Spots.swift in Sources */ = {isa = PBXBuildFile; fileRef = 178512B727306DAE00EDA0F5 /* Spots.swift */; };
		178512BA2730726500EDA0F5 /* APIKeys.swift in Sources */ = {isa = PBXBuildFile; fileRef = 178512B92730726500EDA0F5 /* APIKeys.swift */; };
		17A6C08B275405B7005716ED /* SnackUser.swift in Sources */ = {isa = PBXBuildFile; fileRef = 17A6C08A275405B7005716ED /* SnackUser.swift */; };
		17C41F2327385F93007A0184 /* ReviewTableViewController.swift in Sources */ = {isa = PBXBuildFile; fileRef = 17C41F2227385F93007A0184 /* ReviewTableViewController.swift */; };
		17C41F25273866F5007A0184 /* Review.swift in Sources */ = {isa = PBXBuildFile; fileRef = 17C41F24273866F5007A0184 /* Review.swift */; };
		17C41F2727386786007A0184 /* Reviews.swift in Sources */ = {isa = PBXBuildFile; fileRef = 17C41F2627386786007A0184 /* Reviews.swift */; };
		17C41F292738702D007A0184 /* SpotReviewTableViewCell.swift in Sources */ = {isa = PBXBuildFile; fileRef = 17C41F282738702D007A0184 /* SpotReviewTableViewCell.swift */; };
		17C78EB6272F0CB20097ADB7 /* AppDelegate.swift in Sources */ = {isa = PBXBuildFile; fileRef = 17C78EB5272F0CB20097ADB7 /* AppDelegate.swift */; };
		17C78EB8272F0CB20097ADB7 /* SceneDelegate.swift in Sources */ = {isa = PBXBuildFile; fileRef = 17C78EB7272F0CB20097ADB7 /* SceneDelegate.swift */; };
		17C78EBA272F0CB20097ADB7 /* LoginViewController.swift in Sources */ = {isa = PBXBuildFile; fileRef = 17C78EB9272F0CB20097ADB7 /* LoginViewController.swift */; };
		17C78EBD272F0CB20097ADB7 /* Main.storyboard in Resources */ = {isa = PBXBuildFile; fileRef = 17C78EBB272F0CB20097ADB7 /* Main.storyboard */; };
		17C78EBF272F0CB40097ADB7 /* Assets.xcassets in Resources */ = {isa = PBXBuildFile; fileRef = 17C78EBE272F0CB40097ADB7 /* Assets.xcassets */; };
		17C78EC2272F0CB40097ADB7 /* LaunchScreen.storyboard in Resources */ = {isa = PBXBuildFile; fileRef = 17C78EC0272F0CB40097ADB7 /* LaunchScreen.storyboard */; };
		17F190FD2730359D003DB542 /* SpotListViewController.swift in Sources */ = {isa = PBXBuildFile; fileRef = 17F190FC2730359D003DB542 /* SpotListViewController.swift */; };
		17F190FF273037E3003DB542 /* SpotTableViewCell.swift in Sources */ = {isa = PBXBuildFile; fileRef = 17F190FE273037E3003DB542 /* SpotTableViewCell.swift */; };
		17F1910127303AB8003DB542 /* SpotDetailViewController.swift in Sources */ = {isa = PBXBuildFile; fileRef = 17F1910027303AB8003DB542 /* SpotDetailViewController.swift */; };
		22885BE2354FECC89CE07A23 /* Pods_Snacktacular.framework in Frameworks */ = {isa = PBXBuildFile; fileRef = 0689BC53C8574AF870CC7FE8 /* Pods_Snacktacular.framework */; };
/* End PBXBuildFile section */

/* Begin PBXFileReference section */
		0689BC53C8574AF870CC7FE8 /* Pods_Snacktacular.framework */ = {isa = PBXFileReference; explicitFileType = wrapper.framework; includeInIndex = 0; path = Pods_Snacktacular.framework; sourceTree = BUILT_PRODUCTS_DIR; };
		17201618273CC40E0094F66D /* UIView+addBorder.swift */ = {isa = PBXFileReference; lastKnownFileType = sourcecode.swift; path = "UIView+addBorder.swift"; sourceTree = "<group>"; };
		1720161A273CC51A0094F66D /* UIBarButtonItem+hide.swift */ = {isa = PBXFileReference; lastKnownFileType = sourcecode.swift; path = "UIBarButtonItem+hide.swift"; sourceTree = "<group>"; };
		174F7A9D2742AFCF0008CAAF /* PhotoViewController.swift */ = {isa = PBXFileReference; lastKnownFileType = sourcecode.swift; path = PhotoViewController.swift; sourceTree = "<group>"; };
		174F7A9F2742B7190008CAAF /* Photo.swift */ = {isa = PBXFileReference; lastKnownFileType = sourcecode.swift; path = Photo.swift; sourceTree = "<group>"; };
		174F7AA12742BF8C0008CAAF /* Photos.swift */ = {isa = PBXFileReference; lastKnownFileType = sourcecode.swift; path = Photos.swift; sourceTree = "<group>"; };
		174F7AA32742C1880008CAAF /* SpotPhotoCollectionViewCell.swift */ = {isa = PBXFileReference; lastKnownFileType = sourcecode.swift; path = SpotPhotoCollectionViewCell.swift; sourceTree = "<group>"; };
		176FEACB272F140500D329DF /* GoogleService-Info.plist */ = {isa = PBXFileReference; lastKnownFileType = text.plist; path = "GoogleService-Info.plist"; sourceTree = SOURCE_ROOT; };
		178512B32730645900EDA0F5 /* Spot.swift */ = {isa = PBXFileReference; lastKnownFileType = sourcecode.swift; path = Spot.swift; sourceTree = "<group>"; };
		178512B527306C6E00EDA0F5 /* UIViewController+alert.swift */ = {isa = PBXFileReference; fileEncoding = 4; lastKnownFileType = sourcecode.swift; path = "UIViewController+alert.swift"; sourceTree = "<group>"; };
		178512B727306DAE00EDA0F5 /* Spots.swift */ = {isa = PBXFileReference; lastKnownFileType = sourcecode.swift; path = Spots.swift; sourceTree = "<group>"; };
		178512B92730726500EDA0F5 /* APIKeys.swift */ = {isa = PBXFileReference; lastKnownFileType = sourcecode.swift; path = APIKeys.swift; sourceTree = "<group>"; };
		17A6C08A275405B7005716ED /* SnackUser.swift */ = {isa = PBXFileReference; lastKnownFileType = sourcecode.swift; path = SnackUser.swift; sourceTree = "<group>"; };
		17C41F2227385F93007A0184 /* ReviewTableViewController.swift */ = {isa = PBXFileReference; lastKnownFileType = sourcecode.swift; path = ReviewTableViewController.swift; sourceTree = "<group>"; };
		17C41F24273866F5007A0184 /* Review.swift */ = {isa = PBXFileReference; lastKnownFileType = sourcecode.swift; path = Review.swift; sourceTree = "<group>"; };
		17C41F2627386786007A0184 /* Reviews.swift */ = {isa = PBXFileReference; lastKnownFileType = sourcecode.swift; path = Reviews.swift; sourceTree = "<group>"; };
		17C41F282738702D007A0184 /* SpotReviewTableViewCell.swift */ = {isa = PBXFileReference; lastKnownFileType = sourcecode.swift; path = SpotReviewTableViewCell.swift; sourceTree = "<group>"; };
		17C78EB2272F0CB20097ADB7 /* Snacktacular.app */ = {isa = PBXFileReference; explicitFileType = wrapper.application; includeInIndex = 0; path = Snacktacular.app; sourceTree = BUILT_PRODUCTS_DIR; };
		17C78EB5272F0CB20097ADB7 /* AppDelegate.swift */ = {isa = PBXFileReference; lastKnownFileType = sourcecode.swift; path = AppDelegate.swift; sourceTree = "<group>"; };
		17C78EB7272F0CB20097ADB7 /* SceneDelegate.swift */ = {isa = PBXFileReference; lastKnownFileType = sourcecode.swift; path = SceneDelegate.swift; sourceTree = "<group>"; };
		17C78EB9272F0CB20097ADB7 /* LoginViewController.swift */ = {isa = PBXFileReference; lastKnownFileType = sourcecode.swift; path = LoginViewController.swift; sourceTree = "<group>"; };
		17C78EBC272F0CB20097ADB7 /* Base */ = {isa = PBXFileReference; lastKnownFileType = file.storyboard; name = Base; path = Base.lproj/Main.storyboard; sourceTree = "<group>"; };
		17C78EBE272F0CB40097ADB7 /* Assets.xcassets */ = {isa = PBXFileReference; lastKnownFileType = folder.assetcatalog; path = Assets.xcassets; sourceTree = "<group>"; };
		17C78EC1272F0CB40097ADB7 /* Base */ = {isa = PBXFileReference; lastKnownFileType = file.storyboard; name = Base; path = Base.lproj/LaunchScreen.storyboard; sourceTree = "<group>"; };
		17C78EC3272F0CB40097ADB7 /* Info.plist */ = {isa = PBXFileReference; lastKnownFileType = text.plist.xml; path = Info.plist; sourceTree = "<group>"; };
		17F190FC2730359D003DB542 /* SpotListViewController.swift */ = {isa = PBXFileReference; lastKnownFileType = sourcecode.swift; path = SpotListViewController.swift; sourceTree = "<group>"; };
		17F190FE273037E3003DB542 /* SpotTableViewCell.swift */ = {isa = PBXFileReference; lastKnownFileType = sourcecode.swift; path = SpotTableViewCell.swift; sourceTree = "<group>"; };
		17F1910027303AB8003DB542 /* SpotDetailViewController.swift */ = {isa = PBXFileReference; lastKnownFileType = sourcecode.swift; path = SpotDetailViewController.swift; sourceTree = "<group>"; };
		3C95954E75BF6172604BFEDE /* Pods-Snacktacular.debug.xcconfig */ = {isa = PBXFileReference; includeInIndex = 1; lastKnownFileType = text.xcconfig; name = "Pods-Snacktacular.debug.xcconfig"; path = "Target Support Files/Pods-Snacktacular/Pods-Snacktacular.debug.xcconfig"; sourceTree = "<group>"; };
		C519BE7F4F048669B37CD169 /* Pods-Snacktacular.release.xcconfig */ = {isa = PBXFileReference; includeInIndex = 1; lastKnownFileType = text.xcconfig; name = "Pods-Snacktacular.release.xcconfig"; path = "Target Support Files/Pods-Snacktacular/Pods-Snacktacular.release.xcconfig"; sourceTree = "<group>"; };
/* End PBXFileReference section */

/* Begin PBXFrameworksBuildPhase section */
		17C78EAF272F0CB20097ADB7 /* Frameworks */ = {
			isa = PBXFrameworksBuildPhase;
			buildActionMask = 2147483647;
			files = (
				22885BE2354FECC89CE07A23 /* Pods_Snacktacular.framework in Frameworks */,
			);
			runOnlyForDeploymentPostprocessing = 0;
		};
/* End PBXFrameworksBuildPhase section */

/* Begin PBXGroup section */
		17C78EA9272F0CB20097ADB7 = {
			isa = PBXGroup;
			children = (
				17C78EB4272F0CB20097ADB7 /* Snacktacular */,
				17C78EB3272F0CB20097ADB7 /* Products */,
				C806AD4C8FE643BB865181FB /* Pods */,
				4382334607C057958C6ADFBC /* Frameworks */,
			);
			sourceTree = "<group>";
		};
		17C78EB3272F0CB20097ADB7 /* Products */ = {
			isa = PBXGroup;
			children = (
				17C78EB2272F0CB20097ADB7 /* Snacktacular.app */,
			);
			name = Products;
			sourceTree = "<group>";
		};
		17C78EB4272F0CB20097ADB7 /* Snacktacular */ = {
			isa = PBXGroup;
			children = (
				17C78EB5272F0CB20097ADB7 /* AppDelegate.swift */,
				17C78EB7272F0CB20097ADB7 /* SceneDelegate.swift */,
				178512B32730645900EDA0F5 /* Spot.swift */,
				178512B727306DAE00EDA0F5 /* Spots.swift */,
				17C41F24273866F5007A0184 /* Review.swift */,
				17C41F2627386786007A0184 /* Reviews.swift */,
				174F7A9F2742B7190008CAAF /* Photo.swift */,
				174F7AA12742BF8C0008CAAF /* Photos.swift */,
				17A6C08A275405B7005716ED /* SnackUser.swift */,
				17C78EB9272F0CB20097ADB7 /* LoginViewController.swift */,
				17F190FC2730359D003DB542 /* SpotListViewController.swift */,
				17F190FE273037E3003DB542 /* SpotTableViewCell.swift */,
				17F1910027303AB8003DB542 /* SpotDetailViewController.swift */,
				17C41F282738702D007A0184 /* SpotReviewTableViewCell.swift */,
				174F7AA32742C1880008CAAF /* SpotPhotoCollectionViewCell.swift */,
				17C41F2227385F93007A0184 /* ReviewTableViewController.swift */,
				174F7A9D2742AFCF0008CAAF /* PhotoViewController.swift */,
				178512B527306C6E00EDA0F5 /* UIViewController+alert.swift */,
				17201618273CC40E0094F66D /* UIView+addBorder.swift */,
				1720161A273CC51A0094F66D /* UIBarButtonItem+hide.swift */,
				178512B92730726500EDA0F5 /* APIKeys.swift */,
				17C78EBB272F0CB20097ADB7 /* Main.storyboard */,
				17C78EBE272F0CB40097ADB7 /* Assets.xcassets */,
				17C78EC0272F0CB40097ADB7 /* LaunchScreen.storyboard */,
				17C78EC3272F0CB40097ADB7 /* Info.plist */,
				176FEACB272F140500D329DF /* GoogleService-Info.plist */,
			);
			path = Snacktacular;
			sourceTree = "<group>";
		};
		4382334607C057958C6ADFBC /* Frameworks */ = {
			isa = PBXGroup;
			children = (
				0689BC53C8574AF870CC7FE8 /* Pods_Snacktacular.framework */,
			);
			name = Frameworks;
			sourceTree = "<group>";
		};
		C806AD4C8FE643BB865181FB /* Pods */ = {
			isa = PBXGroup;
			children = (
				3C95954E75BF6172604BFEDE /* Pods-Snacktacular.debug.xcconfig */,
				C519BE7F4F048669B37CD169 /* Pods-Snacktacular.release.xcconfig */,
			);
			path = Pods;
			sourceTree = "<group>";
		};
/* End PBXGroup section */

/* Begin PBXNativeTarget section */
		17C78EB1272F0CB20097ADB7 /* Snacktacular */ = {
			isa = PBXNativeTarget;
			buildConfigurationList = 17C78EC6272F0CB40097ADB7 /* Build configuration list for PBXNativeTarget "Snacktacular" */;
			buildPhases = (
				1008BE225010251F4F1B23A3 /* [CP] Check Pods Manifest.lock */,
				17C78EAE272F0CB20097ADB7 /* Sources */,
				17C78EAF272F0CB20097ADB7 /* Frameworks */,
				17C78EB0272F0CB20097ADB7 /* Resources */,
				18E479F16DD0EA674B3907B2 /* [CP] Embed Pods Frameworks */,
				23D0D68BEFFD7C3FC807C1EE /* [CP] Copy Pods Resources */,
			);
			buildRules = (
			);
			dependencies = (
			);
			name = Snacktacular;
			productName = Snacktacular;
			productReference = 17C78EB2272F0CB20097ADB7 /* Snacktacular.app */;
			productType = "com.apple.product-type.application";
		};
/* End PBXNativeTarget section */

/* Begin PBXProject section */
		17C78EAA272F0CB20097ADB7 /* Project object */ = {
			isa = PBXProject;
			attributes = {
				BuildIndependentTargetsInParallel = 1;
				LastSwiftUpdateCheck = 1310;
				LastUpgradeCheck = 1310;
				TargetAttributes = {
					17C78EB1272F0CB20097ADB7 = {
						CreatedOnToolsVersion = 13.1;
					};
				};
			};
			buildConfigurationList = 17C78EAD272F0CB20097ADB7 /* Build configuration list for PBXProject "Snacktacular" */;
			compatibilityVersion = "Xcode 13.0";
			developmentRegion = en;
			hasScannedForEncodings = 0;
			knownRegions = (
				en,
				Base,
			);
			mainGroup = 17C78EA9272F0CB20097ADB7;
			productRefGroup = 17C78EB3272F0CB20097ADB7 /* Products */;
			projectDirPath = "";
			projectRoot = "";
			targets = (
				17C78EB1272F0CB20097ADB7 /* Snacktacular */,
			);
		};
/* End PBXProject section */

/* Begin PBXResourcesBuildPhase section */
		17C78EB0272F0CB20097ADB7 /* Resources */ = {
			isa = PBXResourcesBuildPhase;
			buildActionMask = 2147483647;
			files = (
				17C78EC2272F0CB40097ADB7 /* LaunchScreen.storyboard in Resources */,
				176FEACC272F140500D329DF /* GoogleService-Info.plist in Resources */,
				17C78EBF272F0CB40097ADB7 /* Assets.xcassets in Resources */,
				17C78EBD272F0CB20097ADB7 /* Main.storyboard in Resources */,
			);
			runOnlyForDeploymentPostprocessing = 0;
		};
/* End PBXResourcesBuildPhase section */

/* Begin PBXShellScriptBuildPhase section */
		1008BE225010251F4F1B23A3 /* [CP] Check Pods Manifest.lock */ = {
			isa = PBXShellScriptBuildPhase;
			buildActionMask = 2147483647;
			files = (
			);
			inputFileListPaths = (
			);
			inputPaths = (
				"${PODS_PODFILE_DIR_PATH}/Podfile.lock",
				"${PODS_ROOT}/Manifest.lock",
			);
			name = "[CP] Check Pods Manifest.lock";
			outputFileListPaths = (
			);
			outputPaths = (
				"$(DERIVED_FILE_DIR)/Pods-Snacktacular-checkManifestLockResult.txt",
			);
			runOnlyForDeploymentPostprocessing = 0;
			shellPath = /bin/sh;
			shellScript = "diff \"${PODS_PODFILE_DIR_PATH}/Podfile.lock\" \"${PODS_ROOT}/Manifest.lock\" > /dev/null\nif [ $? != 0 ] ; then\n    # print error to STDERR\n    echo \"error: The sandbox is not in sync with the Podfile.lock. Run 'pod install' or update your CocoaPods installation.\" >&2\n    exit 1\nfi\n# This output is used by Xcode 'outputs' to avoid re-running this script phase.\necho \"SUCCESS\" > \"${SCRIPT_OUTPUT_FILE_0}\"\n";
			showEnvVarsInLog = 0;
		};
		18E479F16DD0EA674B3907B2 /* [CP] Embed Pods Frameworks */ = {
			isa = PBXShellScriptBuildPhase;
			buildActionMask = 2147483647;
			files = (
			);
			inputFileListPaths = (
				"${PODS_ROOT}/Target Support Files/Pods-Snacktacular/Pods-Snacktacular-frameworks-${CONFIGURATION}-input-files.xcfilelist",
			);
			name = "[CP] Embed Pods Frameworks";
			outputFileListPaths = (
				"${PODS_ROOT}/Target Support Files/Pods-Snacktacular/Pods-Snacktacular-frameworks-${CONFIGURATION}-output-files.xcfilelist",
			);
			runOnlyForDeploymentPostprocessing = 0;
			shellPath = /bin/sh;
			shellScript = "\"${PODS_ROOT}/Target Support Files/Pods-Snacktacular/Pods-Snacktacular-frameworks.sh\"\n";
			showEnvVarsInLog = 0;
		};
		23D0D68BEFFD7C3FC807C1EE /* [CP] Copy Pods Resources */ = {
			isa = PBXShellScriptBuildPhase;
			buildActionMask = 2147483647;
			files = (
			);
			inputFileListPaths = (
				"${PODS_ROOT}/Target Support Files/Pods-Snacktacular/Pods-Snacktacular-resources-${CONFIGURATION}-input-files.xcfilelist",
			);
			name = "[CP] Copy Pods Resources";
			outputFileListPaths = (
				"${PODS_ROOT}/Target Support Files/Pods-Snacktacular/Pods-Snacktacular-resources-${CONFIGURATION}-output-files.xcfilelist",
			);
			runOnlyForDeploymentPostprocessing = 0;
			shellPath = /bin/sh;
			shellScript = "\"${PODS_ROOT}/Target Support Files/Pods-Snacktacular/Pods-Snacktacular-resources.sh\"\n";
			showEnvVarsInLog = 0;
		};
/* End PBXShellScriptBuildPhase section */

/* Begin PBXSourcesBuildPhase section */
		17C78EAE272F0CB20097ADB7 /* Sources */ = {
			isa = PBXSourcesBuildPhase;
			buildActionMask = 2147483647;
			files = (
				17C41F2727386786007A0184 /* Reviews.swift in Sources */,
				17F190FD2730359D003DB542 /* SpotListViewController.swift in Sources */,
				17C78EBA272F0CB20097ADB7 /* LoginViewController.swift in Sources */,
				17C78EB6272F0CB20097ADB7 /* AppDelegate.swift in Sources */,
				17F1910127303AB8003DB542 /* SpotDetailViewController.swift in Sources */,
				174F7AA22742BF8C0008CAAF /* Photos.swift in Sources */,
				17C41F2327385F93007A0184 /* ReviewTableViewController.swift in Sources */,
				17C41F25273866F5007A0184 /* Review.swift in Sources */,
				178512B827306DAE00EDA0F5 /* Spots.swift in Sources */,
				1720161B273CC51A0094F66D /* UIBarButtonItem+hide.swift in Sources */,
				17F190FF273037E3003DB542 /* SpotTableViewCell.swift in Sources */,
				174F7A9E2742AFCF0008CAAF /* PhotoViewController.swift in Sources */,
				17C41F292738702D007A0184 /* SpotReviewTableViewCell.swift in Sources */,
				174F7AA02742B7190008CAAF /* Photo.swift in Sources */,
				178512BA2730726500EDA0F5 /* APIKeys.swift in Sources */,
				178512B42730645900EDA0F5 /* Spot.swift in Sources */,
				17C78EB8272F0CB20097ADB7 /* SceneDelegate.swift in Sources */,
				17A6C08B275405B7005716ED /* SnackUser.swift in Sources */,
				174F7AA42742C1880008CAAF /* SpotPhotoCollectionViewCell.swift in Sources */,
				178512B627306C6E00EDA0F5 /* UIViewController+alert.swift in Sources */,
				17201619273CC40E0094F66D /* UIView+addBorder.swift in Sources */,
			);
			runOnlyForDeploymentPostprocessing = 0;
		};
/* End PBXSourcesBuildPhase section */

/* Begin PBXVariantGroup section */
		17C78EBB272F0CB20097ADB7 /* Main.storyboard */ = {
			isa = PBXVariantGroup;
			children = (
				17C78EBC272F0CB20097ADB7 /* Base */,
			);
			name = Main.storyboard;
			sourceTree = "<group>";
		};
		17C78EC0272F0CB40097ADB7 /* LaunchScreen.storyboard */ = {
			isa = PBXVariantGroup;
			children = (
				17C78EC1272F0CB40097ADB7 /* Base */,
			);
			name = LaunchScreen.storyboard;
			sourceTree = "<group>";
		};
/* End PBXVariantGroup section */

/* Begin XCBuildConfiguration section */
		17C78EC4272F0CB40097ADB7 /* Debug */ = {
			isa = XCBuildConfiguration;
			buildSettings = {
				ALWAYS_SEARCH_USER_PATHS = NO;
				CLANG_ANALYZER_NONNULL = YES;
				CLANG_ANALYZER_NUMBER_OBJECT_CONVERSION = YES_AGGRESSIVE;
				CLANG_CXX_LANGUAGE_STANDARD = "gnu++17";
				CLANG_CXX_LIBRARY = "libc++";
				CLANG_ENABLE_MODULES = YES;
				CLANG_ENABLE_OBJC_ARC = YES;
				CLANG_ENABLE_OBJC_WEAK = YES;
				CLANG_WARN_BLOCK_CAPTURE_AUTORELEASING = YES;
				CLANG_WARN_BOOL_CONVERSION = YES;
				CLANG_WARN_COMMA = YES;
				CLANG_WARN_CONSTANT_CONVERSION = YES;
				CLANG_WARN_DEPRECATED_OBJC_IMPLEMENTATIONS = YES;
				CLANG_WARN_DIRECT_OBJC_ISA_USAGE = YES_ERROR;
				CLANG_WARN_DOCUMENTATION_COMMENTS = YES;
				CLANG_WARN_EMPTY_BODY = YES;
				CLANG_WARN_ENUM_CONVERSION = YES;
				CLANG_WARN_INFINITE_RECURSION = YES;
				CLANG_WARN_INT_CONVERSION = YES;
				CLANG_WARN_NON_LITERAL_NULL_CONVERSION = YES;
				CLANG_WARN_OBJC_IMPLICIT_RETAIN_SELF = YES;
				CLANG_WARN_OBJC_LITERAL_CONVERSION = YES;
				CLANG_WARN_OBJC_ROOT_CLASS = YES_ERROR;
				CLANG_WARN_QUOTED_INCLUDE_IN_FRAMEWORK_HEADER = YES;
				CLANG_WARN_RANGE_LOOP_ANALYSIS = YES;
				CLANG_WARN_STRICT_PROTOTYPES = YES;
				CLANG_WARN_SUSPICIOUS_MOVE = YES;
				CLANG_WARN_UNGUARDED_AVAILABILITY = YES_AGGRESSIVE;
				CLANG_WARN_UNREACHABLE_CODE = YES;
				CLANG_WARN__DUPLICATE_METHOD_MATCH = YES;
				COPY_PHASE_STRIP = NO;
				DEBUG_INFORMATION_FORMAT = dwarf;
				ENABLE_STRICT_OBJC_MSGSEND = YES;
				ENABLE_TESTABILITY = YES;
				GCC_C_LANGUAGE_STANDARD = gnu11;
				GCC_DYNAMIC_NO_PIC = NO;
				GCC_NO_COMMON_BLOCKS = YES;
				GCC_OPTIMIZATION_LEVEL = 0;
				GCC_PREPROCESSOR_DEFINITIONS = (
					"DEBUG=1",
					"$(inherited)",
				);
				GCC_WARN_64_TO_32_BIT_CONVERSION = YES;
				GCC_WARN_ABOUT_RETURN_TYPE = YES_ERROR;
				GCC_WARN_UNDECLARED_SELECTOR = YES;
				GCC_WARN_UNINITIALIZED_AUTOS = YES_AGGRESSIVE;
				GCC_WARN_UNUSED_FUNCTION = YES;
				GCC_WARN_UNUSED_VARIABLE = YES;
				IPHONEOS_DEPLOYMENT_TARGET = 15.0;
				MTL_ENABLE_DEBUG_INFO = INCLUDE_SOURCE;
				MTL_FAST_MATH = YES;
				ONLY_ACTIVE_ARCH = YES;
				SDKROOT = iphoneos;
				SWIFT_ACTIVE_COMPILATION_CONDITIONS = DEBUG;
				SWIFT_OPTIMIZATION_LEVEL = "-Onone";
			};
			name = Debug;
		};
		17C78EC5272F0CB40097ADB7 /* Release */ = {
			isa = XCBuildConfiguration;
			buildSettings = {
				ALWAYS_SEARCH_USER_PATHS = NO;
				CLANG_ANALYZER_NONNULL = YES;
				CLANG_ANALYZER_NUMBER_OBJECT_CONVERSION = YES_AGGRESSIVE;
				CLANG_CXX_LANGUAGE_STANDARD = "gnu++17";
				CLANG_CXX_LIBRARY = "libc++";
				CLANG_ENABLE_MODULES = YES;
				CLANG_ENABLE_OBJC_ARC = YES;
				CLANG_ENABLE_OBJC_WEAK = YES;
				CLANG_WARN_BLOCK_CAPTURE_AUTORELEASING = YES;
				CLANG_WARN_BOOL_CONVERSION = YES;
				CLANG_WARN_COMMA = YES;
				CLANG_WARN_CONSTANT_CONVERSION = YES;
				CLANG_WARN_DEPRECATED_OBJC_IMPLEMENTATIONS = YES;
				CLANG_WARN_DIRECT_OBJC_ISA_USAGE = YES_ERROR;
				CLANG_WARN_DOCUMENTATION_COMMENTS = YES;
				CLANG_WARN_EMPTY_BODY = YES;
				CLANG_WARN_ENUM_CONVERSION = YES;
				CLANG_WARN_INFINITE_RECURSION = YES;
				CLANG_WARN_INT_CONVERSION = YES;
				CLANG_WARN_NON_LITERAL_NULL_CONVERSION = YES;
				CLANG_WARN_OBJC_IMPLICIT_RETAIN_SELF = YES;
				CLANG_WARN_OBJC_LITERAL_CONVERSION = YES;
				CLANG_WARN_OBJC_ROOT_CLASS = YES_ERROR;
				CLANG_WARN_QUOTED_INCLUDE_IN_FRAMEWORK_HEADER = YES;
				CLANG_WARN_RANGE_LOOP_ANALYSIS = YES;
				CLANG_WARN_STRICT_PROTOTYPES = YES;
				CLANG_WARN_SUSPICIOUS_MOVE = YES;
				CLANG_WARN_UNGUARDED_AVAILABILITY = YES_AGGRESSIVE;
				CLANG_WARN_UNREACHABLE_CODE = YES;
				CLANG_WARN__DUPLICATE_METHOD_MATCH = YES;
				COPY_PHASE_STRIP = NO;
				DEBUG_INFORMATION_FORMAT = "dwarf-with-dsym";
				ENABLE_NS_ASSERTIONS = NO;
				ENABLE_STRICT_OBJC_MSGSEND = YES;
				GCC_C_LANGUAGE_STANDARD = gnu11;
				GCC_NO_COMMON_BLOCKS = YES;
				GCC_WARN_64_TO_32_BIT_CONVERSION = YES;
				GCC_WARN_ABOUT_RETURN_TYPE = YES_ERROR;
				GCC_WARN_UNDECLARED_SELECTOR = YES;
				GCC_WARN_UNINITIALIZED_AUTOS = YES_AGGRESSIVE;
				GCC_WARN_UNUSED_FUNCTION = YES;
				GCC_WARN_UNUSED_VARIABLE = YES;
				IPHONEOS_DEPLOYMENT_TARGET = 15.0;
				MTL_ENABLE_DEBUG_INFO = NO;
				MTL_FAST_MATH = YES;
				SDKROOT = iphoneos;
				SWIFT_COMPILATION_MODE = wholemodule;
				SWIFT_OPTIMIZATION_LEVEL = "-O";
				VALIDATE_PRODUCT = YES;
			};
			name = Release;
		};
		17C78EC7272F0CB40097ADB7 /* Debug */ = {
			isa = XCBuildConfiguration;
			baseConfigurationReference = 3C95954E75BF6172604BFEDE /* Pods-Snacktacular.debug.xcconfig */;
			buildSettings = {
				ASSETCATALOG_COMPILER_APPICON_NAME = AppIcon;
				ASSETCATALOG_COMPILER_GLOBAL_ACCENT_COLOR_NAME = AccentColor;
				CODE_SIGN_STYLE = Automatic;
				CURRENT_PROJECT_VERSION = 1;
				DEVELOPMENT_TEAM = W49922GG7X;
				GENERATE_INFOPLIST_FILE = YES;
				INFOPLIST_FILE = Snacktacular/Info.plist;
				INFOPLIST_KEY_UIApplicationSupportsIndirectInputEvents = YES;
				INFOPLIST_KEY_UILaunchStoryboardName = LaunchScreen;
				INFOPLIST_KEY_UIMainStoryboardFile = Main;
				INFOPLIST_KEY_UISupportedInterfaceOrientations_iPad = "UIInterfaceOrientationPortrait UIInterfaceOrientationPortraitUpsideDown UIInterfaceOrientationLandscapeLeft UIInterfaceOrientationLandscapeRight";
				INFOPLIST_KEY_UISupportedInterfaceOrientations_iPhone = "UIInterfaceOrientationPortrait UIInterfaceOrientationLandscapeLeft UIInterfaceOrientationLandscapeRight";
				IPHONEOS_DEPLOYMENT_TARGET = 14.7;
				LD_RUNPATH_SEARCH_PATHS = (
					"$(inherited)",
					"@executable_path/Frameworks",
				);
				MARKETING_VERSION = 1.0;
				PRODUCT_BUNDLE_IDENTIFIER = com.mekus.Snacktacular;
				PRODUCT_NAME = "$(TARGET_NAME)";
				SWIFT_EMIT_LOC_STRINGS = YES;
				SWIFT_VERSION = 5.0;
				TARGETED_DEVICE_FAMILY = "1,2";
			};
			name = Debug;
		};
		17C78EC8272F0CB40097ADB7 /* Release */ = {
			isa = XCBuildConfiguration;
			baseConfigurationReference = C519BE7F4F048669B37CD169 /* Pods-Snacktacular.release.xcconfig */;
			buildSettings = {
				ASSETCATALOG_COMPILER_APPICON_NAME = AppIcon;
				ASSETCATALOG_COMPILER_GLOBAL_ACCENT_COLOR_NAME = AccentColor;
				CODE_SIGN_STYLE = Automatic;
				CURRENT_PROJECT_VERSION = 1;
				DEVELOPMENT_TEAM = W49922GG7X;
				GENERATE_INFOPLIST_FILE = YES;
				INFOPLIST_FILE = Snacktacular/Info.plist;
				INFOPLIST_KEY_UIApplicationSupportsIndirectInputEvents = YES;
				INFOPLIST_KEY_UILaunchStoryboardName = LaunchScreen;
				INFOPLIST_KEY_UIMainStoryboardFile = Main;
				INFOPLIST_KEY_UISupportedInterfaceOrientations_iPad = "UIInterfaceOrientationPortrait UIInterfaceOrientationPortraitUpsideDown UIInterfaceOrientationLandscapeLeft UIInterfaceOrientationLandscapeRight";
				INFOPLIST_KEY_UISupportedInterfaceOrientations_iPhone = "UIInterfaceOrientationPortrait UIInterfaceOrientationLandscapeLeft UIInterfaceOrientationLandscapeRight";
				IPHONEOS_DEPLOYMENT_TARGET = 14.7;
				LD_RUNPATH_SEARCH_PATHS = (
					"$(inherited)",
					"@executable_path/Frameworks",
				);
				MARKETING_VERSION = 1.0;
				PRODUCT_BUNDLE_IDENTIFIER = com.mekus.Snacktacular;
				PRODUCT_NAME = "$(TARGET_NAME)";
				SWIFT_EMIT_LOC_STRINGS = YES;
				SWIFT_VERSION = 5.0;
				TARGETED_DEVICE_FAMILY = "1,2";
			};
			name = Release;
		};
/* End XCBuildConfiguration section */

/* Begin XCConfigurationList section */
		17C78EAD272F0CB20097ADB7 /* Build configuration list for PBXProject "Snacktacular" */ = {
			isa = XCConfigurationList;
			buildConfigurations = (
				17C78EC4272F0CB40097ADB7 /* Debug */,
				17C78EC5272F0CB40097ADB7 /* Release */,
			);
			defaultConfigurationIsVisible = 0;
			defaultConfigurationName = Release;
		};
		17C78EC6272F0CB40097ADB7 /* Build configuration list for PBXNativeTarget "Snacktacular" */ = {
			isa = XCConfigurationList;
			buildConfigurations = (
				17C78EC7272F0CB40097ADB7 /* Debug */,
				17C78EC8272F0CB40097ADB7 /* Release */,
			);
			defaultConfigurationIsVisible = 0;
			defaultConfigurationName = Release;
		};
/* End XCConfigurationList section */
	};
	rootObject = 17C78EAA272F0CB20097ADB7 /* Project object */;
}
